# This file was autogenerated by Stack.
# You should not edit this file by hand.
# For more information, please see the documentation at:
#   https://docs.haskellstack.org/en/stable/lock_files

packages:
- completed:
    hackage: split-0.1.2.3@sha256:2d679f5247d5c6da6bf06b832533bdee15c0b7c6dadb29f0739a46fa63021038,753
    pantry-tree:
      sha256: 930e71f5538abb93584b4220889f73061114a4af4a9bb4a5d305525f0969db78
      size: 425
  original:
    hackage: split-0.1.2.3
snapshots:
- completed:
    sha256: 098936027eaa1ef14e2b8eb39d9933a973894bb70a68684a1bbf00730249879b
    size: 720001
    url: https://raw.githubusercontent.com/commercialhaskell/stackage-snapshots/master/lts/22/33.yaml
  original:
    url: https://raw.githubusercontent.com/commercialhaskell/stackage-snapshots/master/lts/22/33.yaml
